// !$*UTF8*$!
{
	archiveVersion = 1;
	classes = {
	};
	objectVersion = 56;
	objects = {

/* Begin PBXBuildFile section */
		B304D68B2AD04CE4004415A8 /* ChargesList.swift in Sources */ = {isa = PBXBuildFile; fileRef = B304D68A2AD04CE4004415A8 /* ChargesList.swift */; };
		B304D68E2AD33D7B004415A8 /* StringExtensions.swift in Sources */ = {isa = PBXBuildFile; fileRef = B304D68D2AD33D7B004415A8 /* StringExtensions.swift */; };
		B3128C0E2A8F71A400CE3697 /* RootView.swift in Sources */ = {isa = PBXBuildFile; fileRef = B3128C0D2A8F71A400CE3697 /* RootView.swift */; };
		B3128C142A8F7F4500CE3697 /* MutableStateBuilder.swift in Sources */ = {isa = PBXBuildFile; fileRef = B3128C132A8F7F4500CE3697 /* MutableStateBuilder.swift */; };
		B3179C8E2ABF7DBE002C930C /* AddressCard.swift in Sources */ = {isa = PBXBuildFile; fileRef = B3179C8D2ABF7DBE002C930C /* AddressCard.swift */; };
		B3179C902ABF8BA3002C930C /* TwoLineView.swift in Sources */ = {isa = PBXBuildFile; fileRef = B3179C8F2ABF8BA3002C930C /* TwoLineView.swift */; };
		B3263F262AE5B08E00FCBD1F /* CompanySearchResultCard.swift in Sources */ = {isa = PBXBuildFile; fileRef = B3263F252AE5B08E00FCBD1F /* CompanySearchResultCard.swift */; };
		B33565662A9BE29D0011378C /* RecentSearchesList.swift in Sources */ = {isa = PBXBuildFile; fileRef = B33565652A9BE29D0011378C /* RecentSearchesList.swift */; };
		B335656B2A9D13E30011378C /* CompanyView.swift in Sources */ = {isa = PBXBuildFile; fileRef = B335656A2A9D13E30011378C /* CompanyView.swift */; };
		B335656D2A9D15680011378C /* CompanyBodyView.swift in Sources */ = {isa = PBXBuildFile; fileRef = B335656C2A9D15680011378C /* CompanyBodyView.swift */; };
		B33960122A9AA85E006D83E7 /* Raleway-Bold.ttf in Resources */ = {isa = PBXBuildFile; fileRef = B33960112A9AA85E006D83E7 /* Raleway-Bold.ttf */; };
		B33960142A9AA8BC006D83E7 /* Raleway-Regular.ttf in Resources */ = {isa = PBXBuildFile; fileRef = B33960132A9AA8BC006D83E7 /* Raleway-Regular.ttf */; };
		B371700A2A94EDFD00971D22 /* EmptySearchList.swift in Sources */ = {isa = PBXBuildFile; fileRef = B37170092A94EDFD00971D22 /* EmptySearchList.swift */; };
		B37574E12AA4C0B5003B018C /* ObservableValue.swift in Sources */ = {isa = PBXBuildFile; fileRef = B37574E02AA4C0B5003B018C /* ObservableValue.swift */; };
		B37574E22AA4D2D1003B018C /* Localizable.strings in Resources */ = {isa = PBXBuildFile; fileRef = B37574E42AA4D2D1003B018C /* Localizable.strings */; };
		B375EB462A890C8B0004E629 /* ComponentHolder.swift in Sources */ = {isa = PBXBuildFile; fileRef = B375EB452A890C8B0004E629 /* ComponentHolder.swift */; };
		B37B9ABD2AC70A4400A8D637 /* ChargesView.swift in Sources */ = {isa = PBXBuildFile; fileRef = B37B9AB62AC70A4400A8D637 /* ChargesView.swift */; };
		B37B9AC12ACB173300A8D637 /* ParallaxHeader.swift in Sources */ = {isa = PBXBuildFile; fileRef = B37B9AC02ACB173300A8D637 /* ParallaxHeader.swift */; };
		B37B9AC32ACB20D100A8D637 /* ChargesListItem.swift in Sources */ = {isa = PBXBuildFile; fileRef = B37B9AC22ACB20D100A8D637 /* ChargesListItem.swift */; };
		B3ADF12A2A93F3C8003CE0CD /* Theme.swift in Sources */ = {isa = PBXBuildFile; fileRef = B3ADF1292A93F3C8003CE0CD /* Theme.swift */; };
		B3CB0D9A2A9FCAE800049902 /* StateValue.swift in Sources */ = {isa = PBXBuildFile; fileRef = B3CB0D992A9FCAE800049902 /* StateValue.swift */; };
		B3CB0D9C2A9FCD5D00049902 /* SimpleChildStack.swift in Sources */ = {isa = PBXBuildFile; fileRef = B3CB0D9B2A9FCD5D00049902 /* SimpleChildStack.swift */; };
		B3CB0D9E2A9FCD8F00049902 /* MutableValue.swift in Sources */ = {isa = PBXBuildFile; fileRef = B3CB0D9D2A9FCD8F00049902 /* MutableValue.swift */; };
		B3CB0DA02A9FCDD100049902 /* StackView.swift in Sources */ = {isa = PBXBuildFile; fileRef = B3CB0D9F2A9FCDD100049902 /* StackView.swift */; };
		B3CCEC1D2A8E780A00072DAF /* MainView.swift in Sources */ = {isa = PBXBuildFile; fileRef = B3CCEC1C2A8E780A00072DAF /* MainView.swift */; };
		B3D79CA12A75723D0015BEB9 /* CompanyInfoUkApp.swift in Sources */ = {isa = PBXBuildFile; fileRef = B3D79CA02A75723D0015BEB9 /* CompanyInfoUkApp.swift */; };
		B3D79CA32A75723D0015BEB9 /* ContentView.swift in Sources */ = {isa = PBXBuildFile; fileRef = B3D79CA22A75723D0015BEB9 /* ContentView.swift */; };
		B3D79CA52A75723E0015BEB9 /* Assets.xcassets in Resources */ = {isa = PBXBuildFile; fileRef = B3D79CA42A75723E0015BEB9 /* Assets.xcassets */; };
		B3D79CA82A75723E0015BEB9 /* Preview Assets.xcassets in Resources */ = {isa = PBXBuildFile; fileRef = B3D79CA72A75723E0015BEB9 /* Preview Assets.xcassets */; };
		B3D79CB22A75723E0015BEB9 /* CompanyInfoUkTests.swift in Sources */ = {isa = PBXBuildFile; fileRef = B3D79CB12A75723E0015BEB9 /* CompanyInfoUkTests.swift */; };
		B3D79CBC2A75723E0015BEB9 /* CompanyInfoUkUITests.swift in Sources */ = {isa = PBXBuildFile; fileRef = B3D79CBB2A75723E0015BEB9 /* CompanyInfoUkUITests.swift */; };
		B3D79CBE2A75723F0015BEB9 /* CompanyInfoUkUITestsLaunchTests.swift in Sources */ = {isa = PBXBuildFile; fileRef = B3D79CBD2A75723F0015BEB9 /* CompanyInfoUkUITestsLaunchTests.swift */; };
/* End PBXBuildFile section */

/* Begin PBXContainerItemProxy section */
		B3D79CAE2A75723E0015BEB9 /* PBXContainerItemProxy */ = {
			isa = PBXContainerItemProxy;
			containerPortal = B3D79C952A75723D0015BEB9 /* Project object */;
			proxyType = 1;
			remoteGlobalIDString = B3D79C9C2A75723D0015BEB9;
			remoteInfo = CompanyInfoUk;
		};
		B3D79CB82A75723E0015BEB9 /* PBXContainerItemProxy */ = {
			isa = PBXContainerItemProxy;
			containerPortal = B3D79C952A75723D0015BEB9 /* Project object */;
			proxyType = 1;
			remoteGlobalIDString = B3D79C9C2A75723D0015BEB9;
			remoteInfo = CompanyInfoUk;
		};
/* End PBXContainerItemProxy section */

/* Begin PBXFileReference section */
		B304D68A2AD04CE4004415A8 /* ChargesList.swift */ = {isa = PBXFileReference; lastKnownFileType = sourcecode.swift; path = ChargesList.swift; sourceTree = "<group>"; };
		B304D68D2AD33D7B004415A8 /* StringExtensions.swift */ = {isa = PBXFileReference; lastKnownFileType = sourcecode.swift; path = StringExtensions.swift; sourceTree = "<group>"; };
		B3128C0D2A8F71A400CE3697 /* RootView.swift */ = {isa = PBXFileReference; lastKnownFileType = sourcecode.swift; path = RootView.swift; sourceTree = "<group>"; };
		B3128C132A8F7F4500CE3697 /* MutableStateBuilder.swift */ = {isa = PBXFileReference; lastKnownFileType = sourcecode.swift; path = MutableStateBuilder.swift; sourceTree = "<group>"; };
		B3179C8D2ABF7DBE002C930C /* AddressCard.swift */ = {isa = PBXFileReference; lastKnownFileType = sourcecode.swift; path = AddressCard.swift; sourceTree = "<group>"; };
		B3179C8F2ABF8BA3002C930C /* TwoLineView.swift */ = {isa = PBXFileReference; lastKnownFileType = sourcecode.swift; path = TwoLineView.swift; sourceTree = "<group>"; };
		B3263F252AE5B08E00FCBD1F /* CompanySearchResultCard.swift */ = {isa = PBXFileReference; lastKnownFileType = sourcecode.swift; path = CompanySearchResultCard.swift; sourceTree = "<group>"; };
		B33565652A9BE29D0011378C /* RecentSearchesList.swift */ = {isa = PBXFileReference; fileEncoding = 4; lastKnownFileType = sourcecode.swift; path = RecentSearchesList.swift; sourceTree = "<group>"; };
		B335656A2A9D13E30011378C /* CompanyView.swift */ = {isa = PBXFileReference; lastKnownFileType = sourcecode.swift; path = CompanyView.swift; sourceTree = "<group>"; };
		B335656C2A9D15680011378C /* CompanyBodyView.swift */ = {isa = PBXFileReference; lastKnownFileType = sourcecode.swift; path = CompanyBodyView.swift; sourceTree = "<group>"; };
		B33960112A9AA85E006D83E7 /* Raleway-Bold.ttf */ = {isa = PBXFileReference; lastKnownFileType = file; path = "Raleway-Bold.ttf"; sourceTree = "<group>"; };
		B33960132A9AA8BC006D83E7 /* Raleway-Regular.ttf */ = {isa = PBXFileReference; lastKnownFileType = file; path = "Raleway-Regular.ttf"; sourceTree = "<group>"; };
		B37170092A94EDFD00971D22 /* EmptySearchList.swift */ = {isa = PBXFileReference; lastKnownFileType = sourcecode.swift; path = EmptySearchList.swift; sourceTree = "<group>"; };
		B371700B2A94FD6100971D22 /* Info.plist */ = {isa = PBXFileReference; lastKnownFileType = text.plist; path = Info.plist; sourceTree = "<group>"; };
		B37574E02AA4C0B5003B018C /* ObservableValue.swift */ = {isa = PBXFileReference; lastKnownFileType = sourcecode.swift; path = ObservableValue.swift; sourceTree = "<group>"; };
		B37574E32AA4D2D1003B018C /* en */ = {isa = PBXFileReference; lastKnownFileType = text.plist.strings; name = en; path = en.lproj/Localizable.strings; sourceTree = "<group>"; };
		B375EB452A890C8B0004E629 /* ComponentHolder.swift */ = {isa = PBXFileReference; lastKnownFileType = sourcecode.swift; path = ComponentHolder.swift; sourceTree = "<group>"; };
		B37B9AB62AC70A4400A8D637 /* ChargesView.swift */ = {isa = PBXFileReference; fileEncoding = 4; lastKnownFileType = sourcecode.swift; path = ChargesView.swift; sourceTree = "<group>"; };
		B37B9AC02ACB173300A8D637 /* ParallaxHeader.swift */ = {isa = PBXFileReference; lastKnownFileType = sourcecode.swift; path = ParallaxHeader.swift; sourceTree = "<group>"; };
		B37B9AC22ACB20D100A8D637 /* ChargesListItem.swift */ = {isa = PBXFileReference; lastKnownFileType = sourcecode.swift; path = ChargesListItem.swift; sourceTree = "<group>"; };
		B3ADF1292A93F3C8003CE0CD /* Theme.swift */ = {isa = PBXFileReference; lastKnownFileType = sourcecode.swift; path = Theme.swift; sourceTree = "<group>"; };
		B3CB0D992A9FCAE800049902 /* StateValue.swift */ = {isa = PBXFileReference; lastKnownFileType = sourcecode.swift; path = StateValue.swift; sourceTree = "<group>"; };
		B3CB0D9B2A9FCD5D00049902 /* SimpleChildStack.swift */ = {isa = PBXFileReference; lastKnownFileType = sourcecode.swift; path = SimpleChildStack.swift; sourceTree = "<group>"; };
		B3CB0D9D2A9FCD8F00049902 /* MutableValue.swift */ = {isa = PBXFileReference; lastKnownFileType = sourcecode.swift; path = MutableValue.swift; sourceTree = "<group>"; };
		B3CB0D9F2A9FCDD100049902 /* StackView.swift */ = {isa = PBXFileReference; lastKnownFileType = sourcecode.swift; path = StackView.swift; sourceTree = "<group>"; };
		B3CCEC1C2A8E780A00072DAF /* MainView.swift */ = {isa = PBXFileReference; lastKnownFileType = sourcecode.swift; path = MainView.swift; sourceTree = "<group>"; };
		B3D79C9D2A75723D0015BEB9 /* CompanyInfoUk.app */ = {isa = PBXFileReference; explicitFileType = wrapper.application; includeInIndex = 0; path = CompanyInfoUk.app; sourceTree = BUILT_PRODUCTS_DIR; };
		B3D79CA02A75723D0015BEB9 /* CompanyInfoUkApp.swift */ = {isa = PBXFileReference; lastKnownFileType = sourcecode.swift; path = CompanyInfoUkApp.swift; sourceTree = "<group>"; };
		B3D79CA22A75723D0015BEB9 /* ContentView.swift */ = {isa = PBXFileReference; lastKnownFileType = sourcecode.swift; path = ContentView.swift; sourceTree = "<group>"; };
		B3D79CA42A75723E0015BEB9 /* Assets.xcassets */ = {isa = PBXFileReference; lastKnownFileType = folder.assetcatalog; path = Assets.xcassets; sourceTree = "<group>"; };
		B3D79CA72A75723E0015BEB9 /* Preview Assets.xcassets */ = {isa = PBXFileReference; lastKnownFileType = folder.assetcatalog; path = "Preview Assets.xcassets"; sourceTree = "<group>"; };
		B3D79CAD2A75723E0015BEB9 /* CompanyInfoUkTests.xctest */ = {isa = PBXFileReference; explicitFileType = wrapper.cfbundle; includeInIndex = 0; path = CompanyInfoUkTests.xctest; sourceTree = BUILT_PRODUCTS_DIR; };
		B3D79CB12A75723E0015BEB9 /* CompanyInfoUkTests.swift */ = {isa = PBXFileReference; lastKnownFileType = sourcecode.swift; path = CompanyInfoUkTests.swift; sourceTree = "<group>"; };
		B3D79CB72A75723E0015BEB9 /* CompanyInfoUkUITests.xctest */ = {isa = PBXFileReference; explicitFileType = wrapper.cfbundle; includeInIndex = 0; path = CompanyInfoUkUITests.xctest; sourceTree = BUILT_PRODUCTS_DIR; };
		B3D79CBB2A75723E0015BEB9 /* CompanyInfoUkUITests.swift */ = {isa = PBXFileReference; lastKnownFileType = sourcecode.swift; path = CompanyInfoUkUITests.swift; sourceTree = "<group>"; };
		B3D79CBD2A75723F0015BEB9 /* CompanyInfoUkUITestsLaunchTests.swift */ = {isa = PBXFileReference; lastKnownFileType = sourcecode.swift; path = CompanyInfoUkUITestsLaunchTests.swift; sourceTree = "<group>"; };
/* End PBXFileReference section */

/* Begin PBXFrameworksBuildPhase section */
		B3D79C9A2A75723D0015BEB9 /* Frameworks */ = {
			isa = PBXFrameworksBuildPhase;
			buildActionMask = 2147483647;
			files = (
			);
			runOnlyForDeploymentPostprocessing = 0;
		};
		B3D79CAA2A75723E0015BEB9 /* Frameworks */ = {
			isa = PBXFrameworksBuildPhase;
			buildActionMask = 2147483647;
			files = (
			);
			runOnlyForDeploymentPostprocessing = 0;
		};
		B3D79CB42A75723E0015BEB9 /* Frameworks */ = {
			isa = PBXFrameworksBuildPhase;
			buildActionMask = 2147483647;
			files = (
			);
			runOnlyForDeploymentPostprocessing = 0;
		};
/* End PBXFrameworksBuildPhase section */

/* Begin PBXGroup section */
		B304D68C2AD33D66004415A8 /* Extensions */ = {
			isa = PBXGroup;
			children = (
				B304D68D2AD33D7B004415A8 /* StringExtensions.swift */,
			);
			path = Extensions;
			sourceTree = "<group>";
		};
		B317C7D62ABCDD1D009677B0 /* Views */ = {
			isa = PBXGroup;
			children = (
				B3179C8D2ABF7DBE002C930C /* AddressCard.swift */,
				B3179C8F2ABF8BA3002C930C /* TwoLineView.swift */,
				B37B9AC02ACB173300A8D637 /* ParallaxHeader.swift */,
			);
			path = Views;
			sourceTree = "<group>";
		};
		B33565692A9D12490011378C /* Company */ = {
			isa = PBXGroup;
			children = (
				B335656A2A9D13E30011378C /* CompanyView.swift */,
				B335656C2A9D15680011378C /* CompanyBodyView.swift */,
			);
			path = Company;
			sourceTree = "<group>";
		};
		B33960102A9AA41C006D83E7 /* Font */ = {
			isa = PBXGroup;
			children = (
				B33960132A9AA8BC006D83E7 /* Raleway-Regular.ttf */,
				B33960112A9AA85E006D83E7 /* Raleway-Bold.ttf */,
			);
			path = Font;
			sourceTree = "<group>";
		};
		B3ADF1282A93F3B0003CE0CD /* Theme */ = {
			isa = PBXGroup;
			children = (
				B3ADF1292A93F3C8003CE0CD /* Theme.swift */,
			);
			path = Theme;
			sourceTree = "<group>";
		};
		B3CB0D982A9FCACA00049902 /* DecomposeHelpers */ = {
			isa = PBXGroup;
			children = (
				B3CB0D992A9FCAE800049902 /* StateValue.swift */,
				B3CB0D9B2A9FCD5D00049902 /* SimpleChildStack.swift */,
				B3CB0D9D2A9FCD8F00049902 /* MutableValue.swift */,
				B3CB0D9F2A9FCDD100049902 /* StackView.swift */,
				B37574E02AA4C0B5003B018C /* ObservableValue.swift */,
			);
			path = DecomposeHelpers;
			sourceTree = "<group>";
		};
		B3CCEC192A8E77AA00072DAF /* Companies */ = {
			isa = PBXGroup;
			children = (
				B33565692A9D12490011378C /* Company */,
				B3CCEC1B2A8E77F500072DAF /* Main */,
			);
			path = Companies;
			sourceTree = "<group>";
		};
		B3CCEC1A2A8E77C600072DAF /* Charges */ = {
			isa = PBXGroup;
			children = (
				B37B9AB62AC70A4400A8D637 /* ChargesView.swift */,
				B37B9AC22ACB20D100A8D637 /* ChargesListItem.swift */,
				B304D68A2AD04CE4004415A8 /* ChargesList.swift */,
			);
			path = Charges;
			sourceTree = "<group>";
		};
		B3CCEC1B2A8E77F500072DAF /* Main */ = {
			isa = PBXGroup;
			children = (
				B3CCEC1C2A8E780A00072DAF /* MainView.swift */,
				B37170092A94EDFD00971D22 /* EmptySearchList.swift */,
				B33565652A9BE29D0011378C /* RecentSearchesList.swift */,
				B3263F252AE5B08E00FCBD1F /* CompanySearchResultCard.swift */,
			);
			path = Main;
			sourceTree = "<group>";
		};
		B3D79C942A75723D0015BEB9 = {
			isa = PBXGroup;
			children = (
				B3D79C9F2A75723D0015BEB9 /* CompanyInfoUk */,
				B3D79CB02A75723E0015BEB9 /* CompanyInfoUkTests */,
				B3D79CBA2A75723E0015BEB9 /* CompanyInfoUkUITests */,
				B3D79C9E2A75723D0015BEB9 /* Products */,
			);
			sourceTree = "<group>";
		};
		B3D79C9E2A75723D0015BEB9 /* Products */ = {
			isa = PBXGroup;
			children = (
				B3D79C9D2A75723D0015BEB9 /* CompanyInfoUk.app */,
				B3D79CAD2A75723E0015BEB9 /* CompanyInfoUkTests.xctest */,
				B3D79CB72A75723E0015BEB9 /* CompanyInfoUkUITests.xctest */,
			);
			name = Products;
			sourceTree = "<group>";
		};
		B3D79C9F2A75723D0015BEB9 /* CompanyInfoUk */ = {
			isa = PBXGroup;
			children = (
				B304D68C2AD33D66004415A8 /* Extensions */,
				B317C7D62ABCDD1D009677B0 /* Views */,
				B3CB0D982A9FCACA00049902 /* DecomposeHelpers */,
				B33960102A9AA41C006D83E7 /* Font */,
				B371700B2A94FD6100971D22 /* Info.plist */,
				B3ADF1282A93F3B0003CE0CD /* Theme */,
				B3CCEC1A2A8E77C600072DAF /* Charges */,
				B3CCEC192A8E77AA00072DAF /* Companies */,
				B3D79CA02A75723D0015BEB9 /* CompanyInfoUkApp.swift */,
				B375EB452A890C8B0004E629 /* ComponentHolder.swift */,
				B3D79CA22A75723D0015BEB9 /* ContentView.swift */,
				B3128C0D2A8F71A400CE3697 /* RootView.swift */,
				B3D79CA42A75723E0015BEB9 /* Assets.xcassets */,
				B3D79CA62A75723E0015BEB9 /* Preview Content */,
				B3128C132A8F7F4500CE3697 /* MutableStateBuilder.swift */,
				B37574E42AA4D2D1003B018C /* Localizable.strings */,
			);
			path = CompanyInfoUk;
			sourceTree = "<group>";
		};
		B3D79CA62A75723E0015BEB9 /* Preview Content */ = {
			isa = PBXGroup;
			children = (
				B3D79CA72A75723E0015BEB9 /* Preview Assets.xcassets */,
			);
			path = "Preview Content";
			sourceTree = "<group>";
		};
		B3D79CB02A75723E0015BEB9 /* CompanyInfoUkTests */ = {
			isa = PBXGroup;
			children = (
				B3D79CB12A75723E0015BEB9 /* CompanyInfoUkTests.swift */,
			);
			path = CompanyInfoUkTests;
			sourceTree = "<group>";
		};
		B3D79CBA2A75723E0015BEB9 /* CompanyInfoUkUITests */ = {
			isa = PBXGroup;
			children = (
				B3D79CBB2A75723E0015BEB9 /* CompanyInfoUkUITests.swift */,
				B3D79CBD2A75723F0015BEB9 /* CompanyInfoUkUITestsLaunchTests.swift */,
			);
			path = CompanyInfoUkUITests;
			sourceTree = "<group>";
		};
/* End PBXGroup section */

/* Begin PBXNativeTarget section */
		B3D79C9C2A75723D0015BEB9 /* CompanyInfoUk */ = {
			isa = PBXNativeTarget;
			buildConfigurationList = B3D79CC12A75723F0015BEB9 /* Build configuration list for PBXNativeTarget "CompanyInfoUk" */;
			buildPhases = (
				B3D79CCA2A7572FE0015BEB9 /* ShellScript */,
				B3D79C992A75723D0015BEB9 /* Sources */,
				B3D79C9A2A75723D0015BEB9 /* Frameworks */,
				B3D79C9B2A75723D0015BEB9 /* Resources */,
			);
			buildRules = (
			);
			dependencies = (
			);
			name = CompanyInfoUk;
			productName = CompanyInfoUk;
			productReference = B3D79C9D2A75723D0015BEB9 /* CompanyInfoUk.app */;
			productType = "com.apple.product-type.application";
		};
		B3D79CAC2A75723E0015BEB9 /* CompanyInfoUkTests */ = {
			isa = PBXNativeTarget;
			buildConfigurationList = B3D79CC42A75723F0015BEB9 /* Build configuration list for PBXNativeTarget "CompanyInfoUkTests" */;
			buildPhases = (
				B3D79CA92A75723E0015BEB9 /* Sources */,
				B3D79CAA2A75723E0015BEB9 /* Frameworks */,
				B3D79CAB2A75723E0015BEB9 /* Resources */,
			);
			buildRules = (
			);
			dependencies = (
				B3D79CAF2A75723E0015BEB9 /* PBXTargetDependency */,
			);
			name = CompanyInfoUkTests;
			productName = CompanyInfoUkTests;
			productReference = B3D79CAD2A75723E0015BEB9 /* CompanyInfoUkTests.xctest */;
			productType = "com.apple.product-type.bundle.unit-test";
		};
		B3D79CB62A75723E0015BEB9 /* CompanyInfoUkUITests */ = {
			isa = PBXNativeTarget;
			buildConfigurationList = B3D79CC72A75723F0015BEB9 /* Build configuration list for PBXNativeTarget "CompanyInfoUkUITests" */;
			buildPhases = (
				B3D79CB32A75723E0015BEB9 /* Sources */,
				B3D79CB42A75723E0015BEB9 /* Frameworks */,
				B3D79CB52A75723E0015BEB9 /* Resources */,
			);
			buildRules = (
			);
			dependencies = (
				B3D79CB92A75723E0015BEB9 /* PBXTargetDependency */,
			);
			name = CompanyInfoUkUITests;
			productName = CompanyInfoUkUITests;
			productReference = B3D79CB72A75723E0015BEB9 /* CompanyInfoUkUITests.xctest */;
			productType = "com.apple.product-type.bundle.ui-testing";
		};
/* End PBXNativeTarget section */

/* Begin PBXProject section */
		B3D79C952A75723D0015BEB9 /* Project object */ = {
			isa = PBXProject;
			attributes = {
				BuildIndependentTargetsInParallel = 1;
				LastSwiftUpdateCheck = 1430;
				LastUpgradeCheck = 1500;
				TargetAttributes = {
					B3D79C9C2A75723D0015BEB9 = {
						CreatedOnToolsVersion = 14.3.1;
					};
					B3D79CAC2A75723E0015BEB9 = {
						CreatedOnToolsVersion = 14.3.1;
						TestTargetID = B3D79C9C2A75723D0015BEB9;
					};
					B3D79CB62A75723E0015BEB9 = {
						CreatedOnToolsVersion = 14.3.1;
						TestTargetID = B3D79C9C2A75723D0015BEB9;
					};
				};
			};
			buildConfigurationList = B3D79C982A75723D0015BEB9 /* Build configuration list for PBXProject "CompanyInfoUk" */;
			compatibilityVersion = "Xcode 14.0";
			developmentRegion = en;
			hasScannedForEncodings = 0;
			knownRegions = (
				en,
				Base,
			);
			mainGroup = B3D79C942A75723D0015BEB9;
			productRefGroup = B3D79C9E2A75723D0015BEB9 /* Products */;
			projectDirPath = "";
			projectRoot = "";
			targets = (
				B3D79C9C2A75723D0015BEB9 /* CompanyInfoUk */,
				B3D79CAC2A75723E0015BEB9 /* CompanyInfoUkTests */,
				B3D79CB62A75723E0015BEB9 /* CompanyInfoUkUITests */,
			);
		};
/* End PBXProject section */

/* Begin PBXResourcesBuildPhase section */
		B3D79C9B2A75723D0015BEB9 /* Resources */ = {
			isa = PBXResourcesBuildPhase;
			buildActionMask = 2147483647;
			files = (
				B33960122A9AA85E006D83E7 /* Raleway-Bold.ttf in Resources */,
				B3D79CA82A75723E0015BEB9 /* Preview Assets.xcassets in Resources */,
				B33960142A9AA8BC006D83E7 /* Raleway-Regular.ttf in Resources */,
				B37574E22AA4D2D1003B018C /* Localizable.strings in Resources */,
				B3D79CA52A75723E0015BEB9 /* Assets.xcassets in Resources */,
			);
			runOnlyForDeploymentPostprocessing = 0;
		};
		B3D79CAB2A75723E0015BEB9 /* Resources */ = {
			isa = PBXResourcesBuildPhase;
			buildActionMask = 2147483647;
			files = (
			);
			runOnlyForDeploymentPostprocessing = 0;
		};
		B3D79CB52A75723E0015BEB9 /* Resources */ = {
			isa = PBXResourcesBuildPhase;
			buildActionMask = 2147483647;
			files = (
			);
			runOnlyForDeploymentPostprocessing = 0;
		};
/* End PBXResourcesBuildPhase section */

/* Begin PBXShellScriptBuildPhase section */
		B3D79CCA2A7572FE0015BEB9 /* ShellScript */ = {
			isa = PBXShellScriptBuildPhase;
			buildActionMask = 2147483647;
			files = (
			);
			inputFileListPaths = (
			);
			inputPaths = (
			);
			outputFileListPaths = (
			);
			outputPaths = (
			);
			runOnlyForDeploymentPostprocessing = 0;
			shellPath = /bin/sh;
			shellScript = "cd \"$SRCROOT/..\"\n./gradlew :shared:embedAndSignAppleFrameworkForXcode\n";
		};
/* End PBXShellScriptBuildPhase section */

/* Begin PBXSourcesBuildPhase section */
		B3D79C992A75723D0015BEB9 /* Sources */ = {
			isa = PBXSourcesBuildPhase;
			buildActionMask = 2147483647;
			files = (
				B3ADF12A2A93F3C8003CE0CD /* Theme.swift in Sources */,
				B3179C902ABF8BA3002C930C /* TwoLineView.swift in Sources */,
				B3D79CA32A75723D0015BEB9 /* ContentView.swift in Sources */,
				B37574E12AA4C0B5003B018C /* ObservableValue.swift in Sources */,
				B335656B2A9D13E30011378C /* CompanyView.swift in Sources */,
				B3CB0D9C2A9FCD5D00049902 /* SimpleChildStack.swift in Sources */,
				B3CB0D9E2A9FCD8F00049902 /* MutableValue.swift in Sources */,
				B37B9AC12ACB173300A8D637 /* ParallaxHeader.swift in Sources */,
				B37B9ABD2AC70A4400A8D637 /* ChargesView.swift in Sources */,
				B304D68B2AD04CE4004415A8 /* ChargesList.swift in Sources */,
				B3CCEC1D2A8E780A00072DAF /* MainView.swift in Sources */,
				B3CB0D9A2A9FCAE800049902 /* StateValue.swift in Sources */,
				B304D68E2AD33D7B004415A8 /* StringExtensions.swift in Sources */,
				B375EB462A890C8B0004E629 /* ComponentHolder.swift in Sources */,
				B33565662A9BE29D0011378C /* RecentSearchesList.swift in Sources */,
				B3D79CA12A75723D0015BEB9 /* CompanyInfoUkApp.swift in Sources */,
				B3128C142A8F7F4500CE3697 /* MutableStateBuilder.swift in Sources */,
				B3179C8E2ABF7DBE002C930C /* AddressCard.swift in Sources */,
				B3CB0DA02A9FCDD100049902 /* StackView.swift in Sources */,
				B335656D2A9D15680011378C /* CompanyBodyView.swift in Sources */,
				B3128C0E2A8F71A400CE3697 /* RootView.swift in Sources */,
				B3263F262AE5B08E00FCBD1F /* CompanySearchResultCard.swift in Sources */,
				B37B9AC32ACB20D100A8D637 /* ChargesListItem.swift in Sources */,
				B371700A2A94EDFD00971D22 /* EmptySearchList.swift in Sources */,
			);
			runOnlyForDeploymentPostprocessing = 0;
		};
		B3D79CA92A75723E0015BEB9 /* Sources */ = {
			isa = PBXSourcesBuildPhase;
			buildActionMask = 2147483647;
			files = (
				B3D79CB22A75723E0015BEB9 /* CompanyInfoUkTests.swift in Sources */,
			);
			runOnlyForDeploymentPostprocessing = 0;
		};
		B3D79CB32A75723E0015BEB9 /* Sources */ = {
			isa = PBXSourcesBuildPhase;
			buildActionMask = 2147483647;
			files = (
				B3D79CBE2A75723F0015BEB9 /* CompanyInfoUkUITestsLaunchTests.swift in Sources */,
				B3D79CBC2A75723E0015BEB9 /* CompanyInfoUkUITests.swift in Sources */,
			);
			runOnlyForDeploymentPostprocessing = 0;
		};
/* End PBXSourcesBuildPhase section */

/* Begin PBXTargetDependency section */
		B3D79CAF2A75723E0015BEB9 /* PBXTargetDependency */ = {
			isa = PBXTargetDependency;
			target = B3D79C9C2A75723D0015BEB9 /* CompanyInfoUk */;
			targetProxy = B3D79CAE2A75723E0015BEB9 /* PBXContainerItemProxy */;
		};
		B3D79CB92A75723E0015BEB9 /* PBXTargetDependency */ = {
			isa = PBXTargetDependency;
			target = B3D79C9C2A75723D0015BEB9 /* CompanyInfoUk */;
			targetProxy = B3D79CB82A75723E0015BEB9 /* PBXContainerItemProxy */;
		};
/* End PBXTargetDependency section */

/* Begin PBXVariantGroup section */
		B37574E42AA4D2D1003B018C /* Localizable.strings */ = {
			isa = PBXVariantGroup;
			children = (
				B37574E32AA4D2D1003B018C /* en */,
			);
			name = Localizable.strings;
			sourceTree = "<group>";
		};
/* End PBXVariantGroup section */

/* Begin XCBuildConfiguration section */
		B3D79CBF2A75723F0015BEB9 /* Debug */ = {
			isa = XCBuildConfiguration;
			buildSettings = {
				ALWAYS_SEARCH_USER_PATHS = NO;
				CLANG_ANALYZER_NONNULL = YES;
				CLANG_ANALYZER_NUMBER_OBJECT_CONVERSION = YES_AGGRESSIVE;
				CLANG_CXX_LANGUAGE_STANDARD = "gnu++20";
				CLANG_ENABLE_MODULES = YES;
				CLANG_ENABLE_OBJC_ARC = YES;
				CLANG_ENABLE_OBJC_WEAK = YES;
				CLANG_WARN_BLOCK_CAPTURE_AUTORELEASING = YES;
				CLANG_WARN_BOOL_CONVERSION = YES;
				CLANG_WARN_COMMA = YES;
				CLANG_WARN_CONSTANT_CONVERSION = YES;
				CLANG_WARN_DEPRECATED_OBJC_IMPLEMENTATIONS = YES;
				CLANG_WARN_DIRECT_OBJC_ISA_USAGE = YES_ERROR;
				CLANG_WARN_DOCUMENTATION_COMMENTS = YES;
				CLANG_WARN_EMPTY_BODY = YES;
				CLANG_WARN_ENUM_CONVERSION = YES;
				CLANG_WARN_INFINITE_RECURSION = YES;
				CLANG_WARN_INT_CONVERSION = YES;
				CLANG_WARN_NON_LITERAL_NULL_CONVERSION = YES;
				CLANG_WARN_OBJC_IMPLICIT_RETAIN_SELF = YES;
				CLANG_WARN_OBJC_LITERAL_CONVERSION = YES;
				CLANG_WARN_OBJC_ROOT_CLASS = YES_ERROR;
				CLANG_WARN_QUOTED_INCLUDE_IN_FRAMEWORK_HEADER = YES;
				CLANG_WARN_RANGE_LOOP_ANALYSIS = YES;
				CLANG_WARN_STRICT_PROTOTYPES = YES;
				CLANG_WARN_SUSPICIOUS_MOVE = YES;
				CLANG_WARN_UNGUARDED_AVAILABILITY = YES_AGGRESSIVE;
				CLANG_WARN_UNREACHABLE_CODE = YES;
				CLANG_WARN__DUPLICATE_METHOD_MATCH = YES;
				COPY_PHASE_STRIP = NO;
				DEBUG_INFORMATION_FORMAT = dwarf;
				ENABLE_PREVIEWS = YES;
				ENABLE_STRICT_OBJC_MSGSEND = YES;
				ENABLE_TESTABILITY = YES;
				ENABLE_USER_SCRIPT_SANDBOXING = NO;
				GCC_C_LANGUAGE_STANDARD = gnu11;
				GCC_DYNAMIC_NO_PIC = NO;
				GCC_NO_COMMON_BLOCKS = YES;
				GCC_OPTIMIZATION_LEVEL = 0;
				GCC_PREPROCESSOR_DEFINITIONS = (
					"DEBUG=1",
					"$(inherited)",
				);
				GCC_WARN_64_TO_32_BIT_CONVERSION = YES;
				GCC_WARN_ABOUT_RETURN_TYPE = YES_ERROR;
				GCC_WARN_UNDECLARED_SELECTOR = YES;
				GCC_WARN_UNINITIALIZED_AUTOS = YES_AGGRESSIVE;
				GCC_WARN_UNUSED_FUNCTION = YES;
				GCC_WARN_UNUSED_VARIABLE = YES;
				IPHONEOS_DEPLOYMENT_TARGET = 17.0;
				MTL_ENABLE_DEBUG_INFO = INCLUDE_SOURCE;
				MTL_FAST_MATH = YES;
				ONLY_ACTIVE_ARCH = YES;
				SDKROOT = iphoneos;
				SWIFT_ACTIVE_COMPILATION_CONDITIONS = DEBUG;
				SWIFT_OPTIMIZATION_LEVEL = "-Onone";
			};
			name = Debug;
		};
		B3D79CC02A75723F0015BEB9 /* Release */ = {
			isa = XCBuildConfiguration;
			buildSettings = {
				ALWAYS_SEARCH_USER_PATHS = NO;
				CLANG_ANALYZER_NONNULL = YES;
				CLANG_ANALYZER_NUMBER_OBJECT_CONVERSION = YES_AGGRESSIVE;
				CLANG_CXX_LANGUAGE_STANDARD = "gnu++20";
				CLANG_ENABLE_MODULES = YES;
				CLANG_ENABLE_OBJC_ARC = YES;
				CLANG_ENABLE_OBJC_WEAK = YES;
				CLANG_WARN_BLOCK_CAPTURE_AUTORELEASING = YES;
				CLANG_WARN_BOOL_CONVERSION = YES;
				CLANG_WARN_COMMA = YES;
				CLANG_WARN_CONSTANT_CONVERSION = YES;
				CLANG_WARN_DEPRECATED_OBJC_IMPLEMENTATIONS = YES;
				CLANG_WARN_DIRECT_OBJC_ISA_USAGE = YES_ERROR;
				CLANG_WARN_DOCUMENTATION_COMMENTS = YES;
				CLANG_WARN_EMPTY_BODY = YES;
				CLANG_WARN_ENUM_CONVERSION = YES;
				CLANG_WARN_INFINITE_RECURSION = YES;
				CLANG_WARN_INT_CONVERSION = YES;
				CLANG_WARN_NON_LITERAL_NULL_CONVERSION = YES;
				CLANG_WARN_OBJC_IMPLICIT_RETAIN_SELF = YES;
				CLANG_WARN_OBJC_LITERAL_CONVERSION = YES;
				CLANG_WARN_OBJC_ROOT_CLASS = YES_ERROR;
				CLANG_WARN_QUOTED_INCLUDE_IN_FRAMEWORK_HEADER = YES;
				CLANG_WARN_RANGE_LOOP_ANALYSIS = YES;
				CLANG_WARN_STRICT_PROTOTYPES = YES;
				CLANG_WARN_SUSPICIOUS_MOVE = YES;
				CLANG_WARN_UNGUARDED_AVAILABILITY = YES_AGGRESSIVE;
				CLANG_WARN_UNREACHABLE_CODE = YES;
				CLANG_WARN__DUPLICATE_METHOD_MATCH = YES;
				COPY_PHASE_STRIP = NO;
				DEBUG_INFORMATION_FORMAT = "dwarf-with-dsym";
				ENABLE_NS_ASSERTIONS = NO;
				ENABLE_PREVIEWS = YES;
				ENABLE_STRICT_OBJC_MSGSEND = YES;
				ENABLE_USER_SCRIPT_SANDBOXING = NO;
				GCC_C_LANGUAGE_STANDARD = gnu11;
				GCC_NO_COMMON_BLOCKS = YES;
				GCC_WARN_64_TO_32_BIT_CONVERSION = YES;
				GCC_WARN_ABOUT_RETURN_TYPE = YES_ERROR;
				GCC_WARN_UNDECLARED_SELECTOR = YES;
				GCC_WARN_UNINITIALIZED_AUTOS = YES_AGGRESSIVE;
				GCC_WARN_UNUSED_FUNCTION = YES;
				GCC_WARN_UNUSED_VARIABLE = YES;
				IPHONEOS_DEPLOYMENT_TARGET = 17.0;
				MTL_ENABLE_DEBUG_INFO = NO;
				MTL_FAST_MATH = YES;
				SDKROOT = iphoneos;
				SWIFT_COMPILATION_MODE = wholemodule;
				SWIFT_OPTIMIZATION_LEVEL = "-O";
				VALIDATE_PRODUCT = YES;
			};
			name = Release;
		};
		B3D79CC22A75723F0015BEB9 /* Debug */ = {
			isa = XCBuildConfiguration;
			buildSettings = {
				ASSETCATALOG_COMPILER_APPICON_NAME = AppIcon;
				ASSETCATALOG_COMPILER_GLOBAL_ACCENT_COLOR_NAME = AccentColor;
				CODE_SIGN_STYLE = Automatic;
				CURRENT_PROJECT_VERSION = 1;
				DEVELOPMENT_ASSET_PATHS = "\"CompanyInfoUk/Preview Content\"";
				ENABLE_PREVIEWS = YES;
				FRAMEWORK_SEARCH_PATHS = "$(SRCROOT)/../shared/build/xcode-frameworks/$(CONFIGURATION)/$(SDK_NAME)";
				GENERATE_INFOPLIST_FILE = YES;
				INFOPLIST_FILE = CompanyInfoUk/Info.plist;
				INFOPLIST_KEY_UIApplicationSceneManifest_Generation = YES;
				INFOPLIST_KEY_UIApplicationSupportsIndirectInputEvents = YES;
				INFOPLIST_KEY_UILaunchScreen_Generation = YES;
				INFOPLIST_KEY_UISupportedInterfaceOrientations_iPad = "UIInterfaceOrientationPortrait UIInterfaceOrientationPortraitUpsideDown UIInterfaceOrientationLandscapeLeft UIInterfaceOrientationLandscapeRight";
				INFOPLIST_KEY_UISupportedInterfaceOrientations_iPhone = "UIInterfaceOrientationPortrait UIInterfaceOrientationLandscapeLeft UIInterfaceOrientationLandscapeRight";
				LD_RUNPATH_SEARCH_PATHS = (
					"$(inherited)",
					"@executable_path/Frameworks",
				);
				MARKETING_VERSION = 1.0;
				OTHER_LDFLAGS = (
					"$(inherited)",
					"-framework",
					shared,
				);
				PRODUCT_BUNDLE_IDENTIFIER = com.babestudios.CompanyInfoUk;
				PRODUCT_NAME = "$(TARGET_NAME)";
				SWIFT_EMIT_LOC_STRINGS = YES;
				SWIFT_VERSION = 5.0;
				TARGETED_DEVICE_FAMILY = "1,2";
			};
			name = Debug;
		};
		B3D79CC32A75723F0015BEB9 /* Release */ = {
			isa = XCBuildConfiguration;
			buildSettings = {
				ASSETCATALOG_COMPILER_APPICON_NAME = AppIcon;
				ASSETCATALOG_COMPILER_GLOBAL_ACCENT_COLOR_NAME = AccentColor;
				CODE_SIGN_STYLE = Automatic;
				CURRENT_PROJECT_VERSION = 1;
				DEVELOPMENT_ASSET_PATHS = "\"CompanyInfoUk/Preview Content\"";
				ENABLE_PREVIEWS = YES;
				FRAMEWORK_SEARCH_PATHS = "$(SRCROOT)/../shared/build/xcode-frameworks/$(CONFIGURATION)/$(SDK_NAME)";
				GENERATE_INFOPLIST_FILE = YES;
				INFOPLIST_FILE = CompanyInfoUk/Info.plist;
				INFOPLIST_KEY_UIApplicationSceneManifest_Generation = YES;
				INFOPLIST_KEY_UIApplicationSupportsIndirectInputEvents = YES;
				INFOPLIST_KEY_UILaunchScreen_Generation = YES;
				INFOPLIST_KEY_UISupportedInterfaceOrientations_iPad = "UIInterfaceOrientationPortrait UIInterfaceOrientationPortraitUpsideDown UIInterfaceOrientationLandscapeLeft UIInterfaceOrientationLandscapeRight";
				INFOPLIST_KEY_UISupportedInterfaceOrientations_iPhone = "UIInterfaceOrientationPortrait UIInterfaceOrientationLandscapeLeft UIInterfaceOrientationLandscapeRight";
				LD_RUNPATH_SEARCH_PATHS = (
					"$(inherited)",
					"@executable_path/Frameworks",
				);
				MARKETING_VERSION = 1.0;
				OTHER_LDFLAGS = (
					"$(inherited)",
					"-framework",
					shared,
				);
				PRODUCT_BUNDLE_IDENTIFIER = com.babestudios.CompanyInfoUk;
				PRODUCT_NAME = "$(TARGET_NAME)";
				SWIFT_EMIT_LOC_STRINGS = YES;
				SWIFT_VERSION = 5.0;
				TARGETED_DEVICE_FAMILY = "1,2";
			};
			name = Release;
		};
		B3D79CC52A75723F0015BEB9 /* Debug */ = {
			isa = XCBuildConfiguration;
			buildSettings = {
				ALWAYS_EMBED_SWIFT_STANDARD_LIBRARIES = YES;
				BUNDLE_LOADER = "$(TEST_HOST)";
				CODE_SIGN_STYLE = Automatic;
				CURRENT_PROJECT_VERSION = 1;
				GENERATE_INFOPLIST_FILE = YES;
				IPHONEOS_DEPLOYMENT_TARGET = 16.4;
				MARKETING_VERSION = 1.0;
				PRODUCT_BUNDLE_IDENTIFIER = com.babestudios.CompanyInfoUkTests;
				PRODUCT_NAME = "$(TARGET_NAME)";
				SWIFT_EMIT_LOC_STRINGS = NO;
				SWIFT_VERSION = 5.0;
				TARGETED_DEVICE_FAMILY = "1,2";
				TEST_HOST = "$(BUILT_PRODUCTS_DIR)/CompanyInfoUk.app/$(BUNDLE_EXECUTABLE_FOLDER_PATH)/CompanyInfoUk";
			};
			name = Debug;
		};
		B3D79CC62A75723F0015BEB9 /* Release */ = {
			isa = XCBuildConfiguration;
			buildSettings = {
				ALWAYS_EMBED_SWIFT_STANDARD_LIBRARIES = YES;
				BUNDLE_LOADER = "$(TEST_HOST)";
				CODE_SIGN_STYLE = Automatic;
				CURRENT_PROJECT_VERSION = 1;
				GENERATE_INFOPLIST_FILE = YES;
				IPHONEOS_DEPLOYMENT_TARGET = 16.4;
				MARKETING_VERSION = 1.0;
				PRODUCT_BUNDLE_IDENTIFIER = com.babestudios.CompanyInfoUkTests;
				PRODUCT_NAME = "$(TARGET_NAME)";
				SWIFT_EMIT_LOC_STRINGS = NO;
				SWIFT_VERSION = 5.0;
				TARGETED_DEVICE_FAMILY = "1,2";
				TEST_HOST = "$(BUILT_PRODUCTS_DIR)/CompanyInfoUk.app/$(BUNDLE_EXECUTABLE_FOLDER_PATH)/CompanyInfoUk";
			};
			name = Release;
		};
		B3D79CC82A75723F0015BEB9 /* Debug */ = {
			isa = XCBuildConfiguration;
			buildSettings = {
				ALWAYS_EMBED_SWIFT_STANDARD_LIBRARIES = YES;
				CODE_SIGN_STYLE = Automatic;
				CURRENT_PROJECT_VERSION = 1;
				GENERATE_INFOPLIST_FILE = YES;
				MARKETING_VERSION = 1.0;
				PRODUCT_BUNDLE_IDENTIFIER = com.babestudios.CompanyInfoUkUITests;
				PRODUCT_NAME = "$(TARGET_NAME)";
				SWIFT_EMIT_LOC_STRINGS = NO;
				SWIFT_VERSION = 5.0;
				TARGETED_DEVICE_FAMILY = "1,2";
				TEST_TARGET_NAME = CompanyInfoUk;
			};
			name = Debug;
		};
		B3D79CC92A75723F0015BEB9 /* Release */ = {
			isa = XCBuildConfiguration;
			buildSettings = {
				ALWAYS_EMBED_SWIFT_STANDARD_LIBRARIES = YES;
				CODE_SIGN_STYLE = Automatic;
				CURRENT_PROJECT_VERSION = 1;
				GENERATE_INFOPLIST_FILE = YES;
				MARKETING_VERSION = 1.0;
				PRODUCT_BUNDLE_IDENTIFIER = com.babestudios.CompanyInfoUkUITests;
				PRODUCT_NAME = "$(TARGET_NAME)";
				SWIFT_EMIT_LOC_STRINGS = NO;
				SWIFT_VERSION = 5.0;
				TARGETED_DEVICE_FAMILY = "1,2";
				TEST_TARGET_NAME = CompanyInfoUk;
			};
			name = Release;
		};
/* End XCBuildConfiguration section */

/* Begin XCConfigurationList section */
		B3D79C982A75723D0015BEB9 /* Build configuration list for PBXProject "CompanyInfoUk" */ = {
			isa = XCConfigurationList;
			buildConfigurations = (
				B3D79CBF2A75723F0015BEB9 /* Debug */,
				B3D79CC02A75723F0015BEB9 /* Release */,
			);
			defaultConfigurationIsVisible = 0;
			defaultConfigurationName = Release;
		};
		B3D79CC12A75723F0015BEB9 /* Build configuration list for PBXNativeTarget "CompanyInfoUk" */ = {
			isa = XCConfigurationList;
			buildConfigurations = (
				B3D79CC22A75723F0015BEB9 /* Debug */,
				B3D79CC32A75723F0015BEB9 /* Release */,
			);
			defaultConfigurationIsVisible = 0;
			defaultConfigurationName = Release;
		};
		B3D79CC42A75723F0015BEB9 /* Build configuration list for PBXNativeTarget "CompanyInfoUkTests" */ = {
			isa = XCConfigurationList;
			buildConfigurations = (
				B3D79CC52A75723F0015BEB9 /* Debug */,
				B3D79CC62A75723F0015BEB9 /* Release */,
			);
			defaultConfigurationIsVisible = 0;
			defaultConfigurationName = Release;
		};
		B3D79CC72A75723F0015BEB9 /* Build configuration list for PBXNativeTarget "CompanyInfoUkUITests" */ = {
			isa = XCConfigurationList;
			buildConfigurations = (
				B3D79CC82A75723F0015BEB9 /* Debug */,
				B3D79CC92A75723F0015BEB9 /* Release */,
			);
			defaultConfigurationIsVisible = 0;
			defaultConfigurationName = Release;
		};
/* End XCConfigurationList section */
	};
	rootObject = B3D79C952A75723D0015BEB9 /* Project object */;
}
